
Microsoft Visual Studio Solution File, Format Version 12.00
# Visual Studio Version 17
VisualStudioVersion = 17.5.33516.290
MinimumVisualStudioVersion = 10.0.40219.1
Project("{FAE04EC0-301F-11D3-BF4B-00C04F79EFBC}") = "Traceability.Example.Console.App", "Traceability.Example.Console.App\Traceability.Example.Console.App.csproj", "{109B7BBC-61BA-4DB0-89F3-5C86AE20073E}"
EndProject
Project("{FAE04EC0-301F-11D3-BF4B-00C04F79EFBC}") = "Traceability.Example.AspNETCore.App", "Traceability.Example.AspNETCore.App\Traceability.Example.AspNETCore.App.csproj", "{0EDFFA09-E215-4CD9-98E7-F940EA1917E0}"
EndProject
Project("{2150E333-8FDC-42A3-9474-1A3956D46DE8}") = "Traceability.Example.MessageBrokers", "Traceability.Example.MessageBrokers", "{4B97954C-D399-40AD-8591-5C4EFB844140}"
EndProject
Project("{FAE04EC0-301F-11D3-BF4B-00C04F79EFBC}") = "Traceability.Example.MessageBrokers.Publisher", "Traceability.Example.MessageBrokers\Traceability.Example.MessageBrokers.Publisher\Traceability.Example.MessageBrokers.Publisher.csproj", "{799356AD-68B3-4675-8506-E35EDD644132}"
EndProject
Project("{FAE04EC0-301F-11D3-BF4B-00C04F79EFBC}") = "Traceability.Example.MessageBrokers.Consumer", "Traceability.Example.MessageBrokers\Traceability.Example.MessageBrokers.Consumer\Traceability.Example.MessageBrokers.Consumer.csproj", "{F12C3BB3-1F8D-43CD-8C49-FDBC7CA477F9}"
EndProject
Project("{FAE04EC0-301F-11D3-BF4B-00C04F79EFBC}") = "Traceability.Example.MessageBrokers.Shared", "Traceability.Example.MessageBrokers\Traceability.Example.MessageBrokers.Shared\Traceability.Example.MessageBrokers.Shared.csproj", "{C8CA3D26-81A2-4ABA-93F2-36D5CCBC4E9F}"
EndProject
Global
	GlobalSection(SolutionConfigurationPlatforms) = preSolution
		Debug|Any CPU = Debug|Any CPU
		Release|Any CPU = Release|Any CPU
	EndGlobalSection
	GlobalSection(ProjectConfigurationPlatforms) = postSolution
		{109B7BBC-61BA-4DB0-89F3-5C86AE20073E}.Debug|Any CPU.ActiveCfg = Debug|Any CPU
		{109B7BBC-61BA-4DB0-89F3-5C86AE20073E}.Debug|Any CPU.Build.0 = Debug|Any CPU
		{109B7BBC-61BA-4DB0-89F3-5C86AE20073E}.Release|Any CPU.ActiveCfg = Release|Any CPU
		{109B7BBC-61BA-4DB0-89F3-5C86AE20073E}.Release|Any CPU.Build.0 = Release|Any CPU
		{0EDFFA09-E215-4CD9-98E7-F940EA1917E0}.Debug|Any CPU.ActiveCfg = Debug|Any CPU
		{0EDFFA09-E215-4CD9-98E7-F940EA1917E0}.Debug|Any CPU.Build.0 = Debug|Any CPU
		{0EDFFA09-E215-4CD9-98E7-F940EA1917E0}.Release|Any CPU.ActiveCfg = Release|Any CPU
		{0EDFFA09-E215-4CD9-98E7-F940EA1917E0}.Release|Any CPU.Build.0 = Release|Any CPU
		{799356AD-68B3-4675-8506-E35EDD644132}.Debug|Any CPU.ActiveCfg = Debug|Any CPU
		{799356AD-68B3-4675-8506-E35EDD644132}.Debug|Any CPU.Build.0 = Debug|Any CPU
		{799356AD-68B3-4675-8506-E35EDD644132}.Release|Any CPU.ActiveCfg = Release|Any CPU
		{799356AD-68B3-4675-8506-E35EDD644132}.Release|Any CPU.Build.0 = Release|Any CPU
		{F12C3BB3-1F8D-43CD-8C49-FDBC7CA477F9}.Debug|Any CPU.ActiveCfg = Debug|Any CPU
		{F12C3BB3-1F8D-43CD-8C49-FDBC7CA477F9}.Debug|Any CPU.Build.0 = Debug|Any CPU
		{F12C3BB3-1F8D-43CD-8C49-FDBC7CA477F9}.Release|Any CPU.ActiveCfg = Release|Any CPU
		{F12C3BB3-1F8D-43CD-8C49-FDBC7CA477F9}.Release|Any CPU.Build.0 = Release|Any CPU
		{C8CA3D26-81A2-4ABA-93F2-36D5CCBC4E9F}.Debug|Any CPU.ActiveCfg = Debug|Any CPU
		{C8CA3D26-81A2-4ABA-93F2-36D5CCBC4E9F}.Debug|Any CPU.Build.0 = Debug|Any CPU
		{C8CA3D26-81A2-4ABA-93F2-36D5CCBC4E9F}.Release|Any CPU.ActiveCfg = Release|Any CPU
		{C8CA3D26-81A2-4ABA-93F2-36D5CCBC4E9F}.Release|Any CPU.Build.0 = Release|Any CPU
	EndGlobalSection
	GlobalSection(SolutionProperties) = preSolution
		HideSolutionNode = FALSE
	EndGlobalSection
	GlobalSection(NestedProjects) = preSolution
		{799356AD-68B3-4675-8506-E35EDD644132} = {4B97954C-D399-40AD-8591-5C4EFB844140}
		{F12C3BB3-1F8D-43CD-8C49-FDBC7CA477F9} = {4B97954C-D399-40AD-8591-5C4EFB844140}
		{C8CA3D26-81A2-4ABA-93F2-36D5CCBC4E9F} = {4B97954C-D399-40AD-8591-5C4EFB844140}
	EndGlobalSection
	GlobalSection(ExtensibilityGlobals) = postSolution
		SolutionGuid = {A329E294-9DAB-4AA1-ACEB-F2A1AB110660}
	EndGlobalSection
EndGlobal
